
Microsoft Visual Studio Solution File, Format Version 12.00
# Visual Studio Version 17
VisualStudioVersion = 17.8.34316.72
MinimumVisualStudioVersion = 10.0.40219.1
Project("{FAE04EC0-301F-11D3-BF4B-00C04F79EFBC}") = "web project", "web project\web project.csproj", "{32977BA2-69BC-459B-982D-729A926D253A}"
EndProject
Global
	GlobalSection(SolutionConfigurationPlatforms) = preSolution
		Debug|Any CPU = Debug|Any CPU
		Release|Any CPU = Release|Any CPU
	EndGlobalSection
	GlobalSection(ProjectConfigurationPlatforms) = postSolution
		{32977BA2-69BC-459B-982D-729A926D253A}.Debug|Any CPU.ActiveCfg = Debug|Any CPU
		{32977BA2-69BC-459B-982D-729A926D253A}.Debug|Any CPU.Build.0 = Debug|Any CPU
		{32977BA2-69BC-459B-982D-729A926D253A}.Release|Any CPU.ActiveCfg = Release|Any CPU
		{32977BA2-69BC-459B-982D-729A926D253A}.Release|Any CPU.Build.0 = Release|Any CPU
	EndGlobalSection
	GlobalSection(SolutionProperties) = preSolution
		HideSolutionNode = FALSE
	EndGlobalSection
	GlobalSection(ExtensibilityGlobals) = postSolution
		SolutionGuid = {D0C39ED5-2354-463D-B949-4715FAB2B447}
	EndGlobalSection
EndGlobal
